
Microsoft Visual Studio Solution File, Format Version 12.00
# Visual Studio Version 16
VisualStudioVersion = 16.0.31410.357
MinimumVisualStudioVersion = 10.0.40219.1
Project("{FAE04EC0-301F-11D3-BF4B-00C04F79EFBC}") = "PuppeteerSharp.ConsoleApp", "PuppeteerSharp.ConsoleApp\PuppeteerSharp.ConsoleApp.csproj", "{9AF7BF42-A771-45E5-B532-E62EAA97BD26}"
EndProject
Project("{FAE04EC0-301F-11D3-BF4B-00C04F79EFBC}") = "PuppeteerSharp.Methods", "PuppeteerSharp.Methods\PuppeteerSharp.Methods.csproj", "{72E1ED6B-430F-416D-92EC-B3DE04914FB7}"
EndProject
Project("{FAE04EC0-301F-11D3-BF4B-00C04F79EFBC}") = "PuppeteerSharp.Models", "PuppeteerSharp.Models\PuppeteerSharp.Models.csproj", "{D3395891-3DEF-4E2A-BD74-B6E182D4EB41}"
EndProject
Global
	GlobalSection(SolutionConfigurationPlatforms) = preSolution
		Debug|Any CPU = Debug|Any CPU
		Release|Any CPU = Release|Any CPU
	EndGlobalSection
	GlobalSection(ProjectConfigurationPlatforms) = postSolution
		{9AF7BF42-A771-45E5-B532-E62EAA97BD26}.Debug|Any CPU.ActiveCfg = Debug|Any CPU
		{9AF7BF42-A771-45E5-B532-E62EAA97BD26}.Debug|Any CPU.Build.0 = Debug|Any CPU
		{9AF7BF42-A771-45E5-B532-E62EAA97BD26}.Release|Any CPU.ActiveCfg = Release|Any CPU
		{9AF7BF42-A771-45E5-B532-E62EAA97BD26}.Release|Any CPU.Build.0 = Release|Any CPU
		{72E1ED6B-430F-416D-92EC-B3DE04914FB7}.Debug|Any CPU.ActiveCfg = Debug|Any CPU
		{72E1ED6B-430F-416D-92EC-B3DE04914FB7}.Debug|Any CPU.Build.0 = Debug|Any CPU
		{72E1ED6B-430F-416D-92EC-B3DE04914FB7}.Release|Any CPU.ActiveCfg = Release|Any CPU
		{72E1ED6B-430F-416D-92EC-B3DE04914FB7}.Release|Any CPU.Build.0 = Release|Any CPU
		{D3395891-3DEF-4E2A-BD74-B6E182D4EB41}.Debug|Any CPU.ActiveCfg = Debug|Any CPU
		{D3395891-3DEF-4E2A-BD74-B6E182D4EB41}.Debug|Any CPU.Build.0 = Debug|Any CPU
		{D3395891-3DEF-4E2A-BD74-B6E182D4EB41}.Release|Any CPU.ActiveCfg = Release|Any CPU
		{D3395891-3DEF-4E2A-BD74-B6E182D4EB41}.Release|Any CPU.Build.0 = Release|Any CPU
	EndGlobalSection
	GlobalSection(SolutionProperties) = preSolution
		HideSolutionNode = FALSE
	EndGlobalSection
	GlobalSection(ExtensibilityGlobals) = postSolution
		SolutionGuid = {8B99B93C-1A5C-4759-8BD4-E3E7C78ECE16}
	EndGlobalSection
EndGlobal
